
Microsoft Visual Studio Solution File, Format Version 12.00
# Visual Studio Version 17
VisualStudioVersion = 17.8.34525.116
MinimumVisualStudioVersion = 10.0.40219.1
Project("{FAE04EC0-301F-11D3-BF4B-00C04F79EFBC}") = "Fields", "Fields\Fields.csproj", "{A6A96D04-8D91-4F32-98A1-91FD2C969DCE}"
EndProject
Global
	GlobalSection(SolutionConfigurationPlatforms) = preSolution
		Debug|Any CPU = Debug|Any CPU
		Release|Any CPU = Release|Any CPU
	EndGlobalSection
	GlobalSection(ProjectConfigurationPlatforms) = postSolution
		{A6A96D04-8D91-4F32-98A1-91FD2C969DCE}.Debug|Any CPU.ActiveCfg = Debug|Any CPU
		{A6A96D04-8D91-4F32-98A1-91FD2C969DCE}.Debug|Any CPU.Build.0 = Debug|Any CPU
		{A6A96D04-8D91-4F32-98A1-91FD2C969DCE}.Release|Any CPU.ActiveCfg = Release|Any CPU
		{A6A96D04-8D91-4F32-98A1-91FD2C969DCE}.Release|Any CPU.Build.0 = Release|Any CPU
	EndGlobalSection
	GlobalSection(SolutionProperties) = preSolution
		HideSolutionNode = FALSE
	EndGlobalSection
	GlobalSection(ExtensibilityGlobals) = postSolution
		SolutionGuid = {5991E882-9D0A-4BD4-9750-2DE0D06E0F7C}
	EndGlobalSection
EndGlobal
